
Microsoft Visual Studio Solution File, Format Version 12.00
# Visual Studio Version 17
VisualStudioVersion = 17.0.31912.275
MinimumVisualStudioVersion = 10.0.40219.1
Project("{FAE04EC0-301F-11D3-BF4B-00C04F79EFBC}") = "CalculatorWinForm", "CalculatorWinForm.csproj", "{A666C7E1-13E2-4E3A-8BA8-3A52BB0A4505}"
EndProject
Global
	GlobalSection(SolutionConfigurationPlatforms) = preSolution
		Debug|Any CPU = Debug|Any CPU
		Release|Any CPU = Release|Any CPU
	EndGlobalSection
	GlobalSection(ProjectConfigurationPlatforms) = postSolution
		{A666C7E1-13E2-4E3A-8BA8-3A52BB0A4505}.Debug|Any CPU.ActiveCfg = Debug|Any CPU
		{A666C7E1-13E2-4E3A-8BA8-3A52BB0A4505}.Debug|Any CPU.Build.0 = Debug|Any CPU
		{A666C7E1-13E2-4E3A-8BA8-3A52BB0A4505}.Release|Any CPU.ActiveCfg = Release|Any CPU
		{A666C7E1-13E2-4E3A-8BA8-3A52BB0A4505}.Release|Any CPU.Build.0 = Release|Any CPU
	EndGlobalSection
	GlobalSection(SolutionProperties) = preSolution
		HideSolutionNode = FALSE
	EndGlobalSection
	GlobalSection(ExtensibilityGlobals) = postSolution
		SolutionGuid = {955C3F44-72A4-45FB-A388-E692BD9B1207}
	EndGlobalSection
EndGlobal
